
Microsoft Visual Studio Solution File, Format Version 12.00
# Visual Studio Version 16
VisualStudioVersion = 16.0.28922.388
MinimumVisualStudioVersion = 10.0.40219.1
Project("{FAE04EC0-301F-11D3-BF4B-00C04F79EFBC}") = "EventDemo", "EventDemo\EventDemo.csproj", "{F9277F1A-0C61-4D64-ABB9-8173BD1E764C}"
EndProject
Project("{FAE04EC0-301F-11D3-BF4B-00C04F79EFBC}") = "SortLibrary", "SortLibrary\SortLibrary.csproj", "{AED91E94-1EF5-44C9-AB82-F1626FAC2549}"
EndProject
Global
	GlobalSection(SolutionConfigurationPlatforms) = preSolution
		Debug|Any CPU = Debug|Any CPU
		Release|Any CPU = Release|Any CPU
	EndGlobalSection
	GlobalSection(ProjectConfigurationPlatforms) = postSolution
		{F9277F1A-0C61-4D64-ABB9-8173BD1E764C}.Debug|Any CPU.ActiveCfg = Debug|Any CPU
		{F9277F1A-0C61-4D64-ABB9-8173BD1E764C}.Debug|Any CPU.Build.0 = Debug|Any CPU
		{F9277F1A-0C61-4D64-ABB9-8173BD1E764C}.Release|Any CPU.ActiveCfg = Release|Any CPU
		{F9277F1A-0C61-4D64-ABB9-8173BD1E764C}.Release|Any CPU.Build.0 = Release|Any CPU
		{AED91E94-1EF5-44C9-AB82-F1626FAC2549}.Debug|Any CPU.ActiveCfg = Debug|Any CPU
		{AED91E94-1EF5-44C9-AB82-F1626FAC2549}.Debug|Any CPU.Build.0 = Debug|Any CPU
		{AED91E94-1EF5-44C9-AB82-F1626FAC2549}.Release|Any CPU.ActiveCfg = Release|Any CPU
		{AED91E94-1EF5-44C9-AB82-F1626FAC2549}.Release|Any CPU.Build.0 = Release|Any CPU
	EndGlobalSection
	GlobalSection(SolutionProperties) = preSolution
		HideSolutionNode = FALSE
	EndGlobalSection
	GlobalSection(ExtensibilityGlobals) = postSolution
		SolutionGuid = {6E2ABE54-5394-4D6C-BBB0-2C9D63617C19}
	EndGlobalSection
EndGlobal
