
Microsoft Visual Studio Solution File, Format Version 12.00
# Visual Studio 15
VisualStudioVersion = 15.0.28307.539
MinimumVisualStudioVersion = 10.0.40219.1
Project("{FAE04EC0-301F-11D3-BF4B-00C04F79EFBC}") = "HelloWorldCS", "HelloWorldCS\HelloWorldCS.csproj", "{5FF54480-A346-43A2-AF65-10E5F84A279F}"
EndProject
Global
	GlobalSection(SolutionConfigurationPlatforms) = preSolution
		Debug|Any CPU = Debug|Any CPU
		Release|Any CPU = Release|Any CPU
	EndGlobalSection
	GlobalSection(ProjectConfigurationPlatforms) = postSolution
		{5FF54480-A346-43A2-AF65-10E5F84A279F}.Debug|Any CPU.ActiveCfg = Debug|Any CPU
		{5FF54480-A346-43A2-AF65-10E5F84A279F}.Debug|Any CPU.Build.0 = Debug|Any CPU
		{5FF54480-A346-43A2-AF65-10E5F84A279F}.Release|Any CPU.ActiveCfg = Release|Any CPU
		{5FF54480-A346-43A2-AF65-10E5F84A279F}.Release|Any CPU.Build.0 = Release|Any CPU
	EndGlobalSection
	GlobalSection(SolutionProperties) = preSolution
		HideSolutionNode = FALSE
	EndGlobalSection
	GlobalSection(ExtensibilityGlobals) = postSolution
		SolutionGuid = {12B0F986-201C-46DA-8019-5688F09D9DE9}
	EndGlobalSection
EndGlobal
