
Microsoft Visual Studio Solution File, Format Version 12.00
# Visual Studio Version 16
VisualStudioVersion = 16.0.28922.388
MinimumVisualStudioVersion = 10.0.40219.1
Project("{FAE04EC0-301F-11D3-BF4B-00C04F79EFBC}") = "PictureViewer", "PictureViewer\PictureViewer.csproj", "{B7B86933-47E7-4AAB-9262-8F44BBAA9B25}"
EndProject
Project("{FAE04EC0-301F-11D3-BF4B-00C04F79EFBC}") = "MathQuiz", "MathQuiz\MathQuiz.csproj", "{A6FFF5B6-4164-4C1C-B3BE-22AEB89CA578}"
EndProject
Global
	GlobalSection(SolutionConfigurationPlatforms) = preSolution
		Debug|Any CPU = Debug|Any CPU
		Release|Any CPU = Release|Any CPU
	EndGlobalSection
	GlobalSection(ProjectConfigurationPlatforms) = postSolution
		{B7B86933-47E7-4AAB-9262-8F44BBAA9B25}.Debug|Any CPU.ActiveCfg = Debug|Any CPU
		{B7B86933-47E7-4AAB-9262-8F44BBAA9B25}.Debug|Any CPU.Build.0 = Debug|Any CPU
		{B7B86933-47E7-4AAB-9262-8F44BBAA9B25}.Release|Any CPU.ActiveCfg = Release|Any CPU
		{B7B86933-47E7-4AAB-9262-8F44BBAA9B25}.Release|Any CPU.Build.0 = Release|Any CPU
		{A6FFF5B6-4164-4C1C-B3BE-22AEB89CA578}.Debug|Any CPU.ActiveCfg = Debug|Any CPU
		{A6FFF5B6-4164-4C1C-B3BE-22AEB89CA578}.Debug|Any CPU.Build.0 = Debug|Any CPU
		{A6FFF5B6-4164-4C1C-B3BE-22AEB89CA578}.Release|Any CPU.ActiveCfg = Release|Any CPU
		{A6FFF5B6-4164-4C1C-B3BE-22AEB89CA578}.Release|Any CPU.Build.0 = Release|Any CPU
	EndGlobalSection
	GlobalSection(SolutionProperties) = preSolution
		HideSolutionNode = FALSE
	EndGlobalSection
	GlobalSection(ExtensibilityGlobals) = postSolution
		SolutionGuid = {5341FA4E-3958-4FD5-8687-CEA9B2F4D296}
	EndGlobalSection
EndGlobal
