
Microsoft Visual Studio Solution File, Format Version 12.00
# Visual Studio Version 16
VisualStudioVersion = 16.0.28803.352
MinimumVisualStudioVersion = 10.0.40219.1
Project("{2150E333-8FDC-42A3-9474-1A3956D46DE8}") = "Step1", "Step1", "{6338FFC9-D76E-4A2D-8C17-731FFBFDF612}"
EndProject
Project("{FAE04EC0-301F-11D3-BF4B-00C04F79EFBC}") = "Database.Step1", "Database.Step1\Database.Step1.csproj", "{9BA1AC10-2D19-445A-9BEE-9A74591EEA91}"
EndProject
Project("{2150E333-8FDC-42A3-9474-1A3956D46DE8}") = "Step2", "Step2", "{7B68B19A-1FB8-4F60-9EB1-8FD9FED6BEFA}"
EndProject
Project("{FAE04EC0-301F-11D3-BF4B-00C04F79EFBC}") = "Database.Step2", "Database.Step2\Database.Step2.csproj", "{196CECDD-717C-4887-BB07-25BE319CA677}"
EndProject
Project("{2150E333-8FDC-42A3-9474-1A3956D46DE8}") = "Step3", "Step3", "{D1F4FAF8-E91F-4032-9D36-B0DD920B9186}"
EndProject
Project("{FAE04EC0-301F-11D3-BF4B-00C04F79EFBC}") = "Database.Step3.UI", "Database.Step3.UI\Database.Step3.UI.csproj", "{FA917051-63C2-4134-BF2B-DBC070470DCF}"
EndProject
Project("{FAE04EC0-301F-11D3-BF4B-00C04F79EFBC}") = "Database.Step3.Data", "Database.Step3.Data\Database.Step3.Data.csproj", "{E6AFCDAC-62F1-48AB-AF92-3AD1D8D8DF46}"
EndProject
Project("{FAE04EC0-301F-11D3-BF4B-00C04F79EFBC}") = "Database.Step3.UnitTest", "Database.Step3.UnitTest\Database.Step3.UnitTest.csproj", "{EFACBBAF-BC92-4398-A17E-2861654C290E}"
EndProject
Project("{FAE04EC0-301F-11D3-BF4B-00C04F79EFBC}") = "Database.Step3.ConsoleUI", "Database.Step3.ConsoleUI\Database.Step3.ConsoleUI.csproj", "{71264F87-072B-4017-B634-CBD3392D5812}"
EndProject
Project("{2150E333-8FDC-42A3-9474-1A3956D46DE8}") = "Step4", "Step4", "{A602055A-39E1-4EF3-9989-9D6EE88C9AC7}"
EndProject
Project("{FAE04EC0-301F-11D3-BF4B-00C04F79EFBC}") = "Database.Step4.ConsoleUI", "Database.Step4.ConsoleUI\Database.Step4.ConsoleUI.csproj", "{4B8BD115-A923-4184-A114-53B3D1AB40FE}"
EndProject
Project("{FAE04EC0-301F-11D3-BF4B-00C04F79EFBC}") = "Database.Step4.Data", "Database.Step4.Data\Database.Step4.Data.csproj", "{83693657-F770-4EC4-A3A6-1FC1967BA049}"
EndProject
Project("{FAE04EC0-301F-11D3-BF4B-00C04F79EFBC}") = "Winform", "Winform\Winform.csproj", "{487DA13E-118D-4464-890F-8A14B42CC705}"
EndProject
Global
	GlobalSection(SolutionConfigurationPlatforms) = preSolution
		Debug|Any CPU = Debug|Any CPU
		Release|Any CPU = Release|Any CPU
	EndGlobalSection
	GlobalSection(ProjectConfigurationPlatforms) = postSolution
		{9BA1AC10-2D19-445A-9BEE-9A74591EEA91}.Debug|Any CPU.ActiveCfg = Debug|Any CPU
		{9BA1AC10-2D19-445A-9BEE-9A74591EEA91}.Debug|Any CPU.Build.0 = Debug|Any CPU
		{9BA1AC10-2D19-445A-9BEE-9A74591EEA91}.Release|Any CPU.ActiveCfg = Release|Any CPU
		{9BA1AC10-2D19-445A-9BEE-9A74591EEA91}.Release|Any CPU.Build.0 = Release|Any CPU
		{196CECDD-717C-4887-BB07-25BE319CA677}.Debug|Any CPU.ActiveCfg = Debug|Any CPU
		{196CECDD-717C-4887-BB07-25BE319CA677}.Debug|Any CPU.Build.0 = Debug|Any CPU
		{196CECDD-717C-4887-BB07-25BE319CA677}.Release|Any CPU.ActiveCfg = Release|Any CPU
		{196CECDD-717C-4887-BB07-25BE319CA677}.Release|Any CPU.Build.0 = Release|Any CPU
		{FA917051-63C2-4134-BF2B-DBC070470DCF}.Debug|Any CPU.ActiveCfg = Debug|Any CPU
		{FA917051-63C2-4134-BF2B-DBC070470DCF}.Debug|Any CPU.Build.0 = Debug|Any CPU
		{FA917051-63C2-4134-BF2B-DBC070470DCF}.Release|Any CPU.ActiveCfg = Release|Any CPU
		{FA917051-63C2-4134-BF2B-DBC070470DCF}.Release|Any CPU.Build.0 = Release|Any CPU
		{E6AFCDAC-62F1-48AB-AF92-3AD1D8D8DF46}.Debug|Any CPU.ActiveCfg = Debug|Any CPU
		{E6AFCDAC-62F1-48AB-AF92-3AD1D8D8DF46}.Debug|Any CPU.Build.0 = Debug|Any CPU
		{E6AFCDAC-62F1-48AB-AF92-3AD1D8D8DF46}.Release|Any CPU.ActiveCfg = Release|Any CPU
		{E6AFCDAC-62F1-48AB-AF92-3AD1D8D8DF46}.Release|Any CPU.Build.0 = Release|Any CPU
		{EFACBBAF-BC92-4398-A17E-2861654C290E}.Debug|Any CPU.ActiveCfg = Debug|Any CPU
		{EFACBBAF-BC92-4398-A17E-2861654C290E}.Debug|Any CPU.Build.0 = Debug|Any CPU
		{EFACBBAF-BC92-4398-A17E-2861654C290E}.Release|Any CPU.ActiveCfg = Release|Any CPU
		{EFACBBAF-BC92-4398-A17E-2861654C290E}.Release|Any CPU.Build.0 = Release|Any CPU
		{71264F87-072B-4017-B634-CBD3392D5812}.Debug|Any CPU.ActiveCfg = Debug|Any CPU
		{71264F87-072B-4017-B634-CBD3392D5812}.Debug|Any CPU.Build.0 = Debug|Any CPU
		{71264F87-072B-4017-B634-CBD3392D5812}.Release|Any CPU.ActiveCfg = Release|Any CPU
		{71264F87-072B-4017-B634-CBD3392D5812}.Release|Any CPU.Build.0 = Release|Any CPU
		{4B8BD115-A923-4184-A114-53B3D1AB40FE}.Debug|Any CPU.ActiveCfg = Debug|Any CPU
		{4B8BD115-A923-4184-A114-53B3D1AB40FE}.Debug|Any CPU.Build.0 = Debug|Any CPU
		{4B8BD115-A923-4184-A114-53B3D1AB40FE}.Release|Any CPU.ActiveCfg = Release|Any CPU
		{4B8BD115-A923-4184-A114-53B3D1AB40FE}.Release|Any CPU.Build.0 = Release|Any CPU
		{83693657-F770-4EC4-A3A6-1FC1967BA049}.Debug|Any CPU.ActiveCfg = Debug|Any CPU
		{83693657-F770-4EC4-A3A6-1FC1967BA049}.Debug|Any CPU.Build.0 = Debug|Any CPU
		{83693657-F770-4EC4-A3A6-1FC1967BA049}.Release|Any CPU.ActiveCfg = Release|Any CPU
		{83693657-F770-4EC4-A3A6-1FC1967BA049}.Release|Any CPU.Build.0 = Release|Any CPU
		{487DA13E-118D-4464-890F-8A14B42CC705}.Debug|Any CPU.ActiveCfg = Debug|Any CPU
		{487DA13E-118D-4464-890F-8A14B42CC705}.Debug|Any CPU.Build.0 = Debug|Any CPU
		{487DA13E-118D-4464-890F-8A14B42CC705}.Release|Any CPU.ActiveCfg = Release|Any CPU
		{487DA13E-118D-4464-890F-8A14B42CC705}.Release|Any CPU.Build.0 = Release|Any CPU
	EndGlobalSection
	GlobalSection(SolutionProperties) = preSolution
		HideSolutionNode = FALSE
	EndGlobalSection
	GlobalSection(NestedProjects) = preSolution
		{9BA1AC10-2D19-445A-9BEE-9A74591EEA91} = {6338FFC9-D76E-4A2D-8C17-731FFBFDF612}
		{196CECDD-717C-4887-BB07-25BE319CA677} = {7B68B19A-1FB8-4F60-9EB1-8FD9FED6BEFA}
		{FA917051-63C2-4134-BF2B-DBC070470DCF} = {D1F4FAF8-E91F-4032-9D36-B0DD920B9186}
		{E6AFCDAC-62F1-48AB-AF92-3AD1D8D8DF46} = {D1F4FAF8-E91F-4032-9D36-B0DD920B9186}
		{EFACBBAF-BC92-4398-A17E-2861654C290E} = {D1F4FAF8-E91F-4032-9D36-B0DD920B9186}
		{71264F87-072B-4017-B634-CBD3392D5812} = {D1F4FAF8-E91F-4032-9D36-B0DD920B9186}
		{4B8BD115-A923-4184-A114-53B3D1AB40FE} = {A602055A-39E1-4EF3-9989-9D6EE88C9AC7}
		{83693657-F770-4EC4-A3A6-1FC1967BA049} = {A602055A-39E1-4EF3-9989-9D6EE88C9AC7}
		{487DA13E-118D-4464-890F-8A14B42CC705} = {A602055A-39E1-4EF3-9989-9D6EE88C9AC7}
	EndGlobalSection
	GlobalSection(ExtensibilityGlobals) = postSolution
		SolutionGuid = {8061B2C5-03F8-4EE6-AD51-724CAC18EDFB}
	EndGlobalSection
EndGlobal
