
Microsoft Visual Studio Solution File, Format Version 12.00
# Visual Studio 15
VisualStudioVersion = 15.0.28307.572
MinimumVisualStudioVersion = 10.0.40219.1
Project("{FAE04EC0-301F-11D3-BF4B-00C04F79EFBC}") = "School", "School\School.csproj", "{21862F78-A4D3-4D80-961D-0E9B18816584}"
EndProject
Global
	GlobalSection(SolutionConfigurationPlatforms) = preSolution
		Debug|Any CPU = Debug|Any CPU
		Release|Any CPU = Release|Any CPU
	EndGlobalSection
	GlobalSection(ProjectConfigurationPlatforms) = postSolution
		{21862F78-A4D3-4D80-961D-0E9B18816584}.Debug|Any CPU.ActiveCfg = Debug|Any CPU
		{21862F78-A4D3-4D80-961D-0E9B18816584}.Debug|Any CPU.Build.0 = Debug|Any CPU
		{21862F78-A4D3-4D80-961D-0E9B18816584}.Release|Any CPU.ActiveCfg = Release|Any CPU
		{21862F78-A4D3-4D80-961D-0E9B18816584}.Release|Any CPU.Build.0 = Release|Any CPU
	EndGlobalSection
	GlobalSection(SolutionProperties) = preSolution
		HideSolutionNode = FALSE
	EndGlobalSection
	GlobalSection(ExtensibilityGlobals) = postSolution
		SolutionGuid = {506D0F0D-20A9-46DA-9BF5-40229CB0A485}
	EndGlobalSection
EndGlobal
