
Microsoft Visual Studio Solution File, Format Version 12.00
# Visual Studio Version 16
VisualStudioVersion = 16.0.28803.352
MinimumVisualStudioVersion = 10.0.40219.1
Project("{FAE04EC0-301F-11D3-BF4B-00C04F79EFBC}") = "VirtualMethod", "VirtualMethod\VirtualMethod.csproj", "{083EAA3F-68C0-4431-A80D-4BA204CB7DE0}"
EndProject
Global
	GlobalSection(SolutionConfigurationPlatforms) = preSolution
		Debug|Any CPU = Debug|Any CPU
		Release|Any CPU = Release|Any CPU
	EndGlobalSection
	GlobalSection(ProjectConfigurationPlatforms) = postSolution
		{083EAA3F-68C0-4431-A80D-4BA204CB7DE0}.Debug|Any CPU.ActiveCfg = Debug|Any CPU
		{083EAA3F-68C0-4431-A80D-4BA204CB7DE0}.Debug|Any CPU.Build.0 = Debug|Any CPU
		{083EAA3F-68C0-4431-A80D-4BA204CB7DE0}.Release|Any CPU.ActiveCfg = Release|Any CPU
		{083EAA3F-68C0-4431-A80D-4BA204CB7DE0}.Release|Any CPU.Build.0 = Release|Any CPU
	EndGlobalSection
	GlobalSection(SolutionProperties) = preSolution
		HideSolutionNode = FALSE
	EndGlobalSection
	GlobalSection(ExtensibilityGlobals) = postSolution
		SolutionGuid = {4D295E7D-5EE7-43ED-B524-250A5CE2C0F3}
	EndGlobalSection
EndGlobal
