
Microsoft Visual Studio Solution File, Format Version 12.00
# Visual Studio Version 16
VisualStudioVersion = 16.0.28729.10
MinimumVisualStudioVersion = 10.0.40219.1
Project("{FAE04EC0-301F-11D3-BF4B-00C04F79EFBC}") = "GooGooDan", "GooGooDan\GooGooDan.csproj", "{CD512AE7-30A3-4719-8882-D8C26DF38513}"
EndProject
Global
	GlobalSection(SolutionConfigurationPlatforms) = preSolution
		Debug|Any CPU = Debug|Any CPU
		Release|Any CPU = Release|Any CPU
	EndGlobalSection
	GlobalSection(ProjectConfigurationPlatforms) = postSolution
		{CD512AE7-30A3-4719-8882-D8C26DF38513}.Debug|Any CPU.ActiveCfg = Debug|Any CPU
		{CD512AE7-30A3-4719-8882-D8C26DF38513}.Debug|Any CPU.Build.0 = Debug|Any CPU
		{CD512AE7-30A3-4719-8882-D8C26DF38513}.Release|Any CPU.ActiveCfg = Release|Any CPU
		{CD512AE7-30A3-4719-8882-D8C26DF38513}.Release|Any CPU.Build.0 = Release|Any CPU
	EndGlobalSection
	GlobalSection(SolutionProperties) = preSolution
		HideSolutionNode = FALSE
	EndGlobalSection
	GlobalSection(ExtensibilityGlobals) = postSolution
		SolutionGuid = {9511BB9A-F7A9-4EDA-8D96-166CFBF8DCFB}
	EndGlobalSection
EndGlobal
