
Microsoft Visual Studio Solution File, Format Version 12.00
# Visual Studio Version 16
VisualStudioVersion = 16.0.28803.352
MinimumVisualStudioVersion = 10.0.40219.1
Project("{FAE04EC0-301F-11D3-BF4B-00C04F79EFBC}") = "School", "School\School.csproj", "{A9988546-53C7-4E10-A51F-5BB10D31E7B6}"
EndProject
Global
	GlobalSection(SolutionConfigurationPlatforms) = preSolution
		Debug|Any CPU = Debug|Any CPU
		Release|Any CPU = Release|Any CPU
	EndGlobalSection
	GlobalSection(ProjectConfigurationPlatforms) = postSolution
		{A9988546-53C7-4E10-A51F-5BB10D31E7B6}.Debug|Any CPU.ActiveCfg = Debug|Any CPU
		{A9988546-53C7-4E10-A51F-5BB10D31E7B6}.Debug|Any CPU.Build.0 = Debug|Any CPU
		{A9988546-53C7-4E10-A51F-5BB10D31E7B6}.Release|Any CPU.ActiveCfg = Release|Any CPU
		{A9988546-53C7-4E10-A51F-5BB10D31E7B6}.Release|Any CPU.Build.0 = Release|Any CPU
	EndGlobalSection
	GlobalSection(SolutionProperties) = preSolution
		HideSolutionNode = FALSE
	EndGlobalSection
	GlobalSection(ExtensibilityGlobals) = postSolution
		SolutionGuid = {D361CDFB-416A-412A-A464-A6B126F14EB6}
	EndGlobalSection
EndGlobal
